
Microsoft Visual Studio Solution File, Format Version 12.00
# Visual Studio Version 16
VisualStudioVersion = 16.0.30711.63
MinimumVisualStudioVersion = 10.0.40219.1
Project("{FAE04EC0-301F-11D3-BF4B-00C04F79EFBC}") = "5.1 basic", "5.1 basic\5.1 basic.csproj", "{50D75885-B1A7-4435-A246-4C40EFC749AB}"
EndProject
Global
	GlobalSection(SolutionConfigurationPlatforms) = preSolution
		Debug|Any CPU = Debug|Any CPU
		Release|Any CPU = Release|Any CPU
	EndGlobalSection
	GlobalSection(ProjectConfigurationPlatforms) = postSolution
		{50D75885-B1A7-4435-A246-4C40EFC749AB}.Debug|Any CPU.ActiveCfg = Debug|Any CPU
		{50D75885-B1A7-4435-A246-4C40EFC749AB}.Debug|Any CPU.Build.0 = Debug|Any CPU
		{50D75885-B1A7-4435-A246-4C40EFC749AB}.Release|Any CPU.ActiveCfg = Release|Any CPU
		{50D75885-B1A7-4435-A246-4C40EFC749AB}.Release|Any CPU.Build.0 = Release|Any CPU
	EndGlobalSection
	GlobalSection(SolutionProperties) = preSolution
		HideSolutionNode = FALSE
	EndGlobalSection
	GlobalSection(ExtensibilityGlobals) = postSolution
		SolutionGuid = {028CCC76-3F6B-4FA3-AEE2-F189E43CAADD}
	EndGlobalSection
EndGlobal
